// !$*UTF8*$!
{
	archiveVersion = 1;
	classes = {
	};
	objectVersion = 60;
	objects = {

/* Begin PBXBuildFile section */
		8200841D2C58129600FFB9E9 /* AppBackendAPI.swift in Sources */ = {isa = PBXBuildFile; fileRef = 8200841A2C58129600FFB9E9 /* AppBackendAPI.swift */; };
		8200841E2C58129600FFB9E9 /* TokenProvider.swift in Sources */ = {isa = PBXBuildFile; fileRef = 8200841B2C58129600FFB9E9 /* TokenProvider.swift */; };
		820084222C58129F00FFB9E9 /* SettingsView.swift in Sources */ = {isa = PBXBuildFile; fileRef = 8200841F2C58129F00FFB9E9 /* SettingsView.swift */; };
		820084232C58129F00FFB9E9 /* SettingTextView.swift in Sources */ = {isa = PBXBuildFile; fileRef = 820084202C58129F00FFB9E9 /* SettingTextView.swift */; };
		8200842C2C58185900FFB9E9 /* AppBackendAPI.swift in Sources */ = {isa = PBXBuildFile; fileRef = 8200841A2C58129600FFB9E9 /* AppBackendAPI.swift */; };
		820084312C58194D00FFB9E9 /* SettingsData.swift in Sources */ = {isa = PBXBuildFile; fileRef = 820084302C58194D00FFB9E9 /* SettingsData.swift */; };
		820084392C581BD800FFB9E9 /* TokenProvider.swift in Sources */ = {isa = PBXBuildFile; fileRef = 8200841B2C58129600FFB9E9 /* TokenProvider.swift */; };
		822EA2D82C5D9774007F5411 /* SettingsConstants.swift in Sources */ = {isa = PBXBuildFile; fileRef = 822EA2D72C5D9774007F5411 /* SettingsConstants.swift */; };
		822EA2DE2C5D9825007F5411 /* SettingsConstants.swift in Sources */ = {isa = PBXBuildFile; fileRef = 822EA2D72C5D9774007F5411 /* SettingsConstants.swift */; };
		8279EE562C5B01B300AD1899 /* SettingsData.swift in Sources */ = {isa = PBXBuildFile; fileRef = 820084302C58194D00FFB9E9 /* SettingsData.swift */; };
		B9158CAD2BF0F51300C2B3D2 /* MessagingSampleApp.swift in Sources */ = {isa = PBXBuildFile; fileRef = B9158CAC2BF0F51300C2B3D2 /* MessagingSampleApp.swift */; };
		B9158CAF2BF0F51300C2B3D2 /* ContentView.swift in Sources */ = {isa = PBXBuildFile; fileRef = B9158CAE2BF0F51300C2B3D2 /* ContentView.swift */; };
		B9158CB12BF0F51600C2B3D2 /* Assets.xcassets in Resources */ = {isa = PBXBuildFile; fileRef = B9158CB02BF0F51600C2B3D2 /* Assets.xcassets */; };
		B9158CB42BF0F51600C2B3D2 /* Preview Assets.xcassets in Resources */ = {isa = PBXBuildFile; fileRef = B9158CB32BF0F51600C2B3D2 /* Preview Assets.xcassets */; };
		B9158CD82BF0F5E400C2B3D2 /* AXPMessagingConfiguration.swift in Sources */ = {isa = PBXBuildFile; fileRef = B9158CD72BF0F5E300C2B3D2 /* AXPMessagingConfiguration.swift */; };
		B9158CEB2BF1648C00C2B3D2 /* DataModel.swift in Sources */ = {isa = PBXBuildFile; fileRef = B9158CEA2BF1648C00C2B3D2 /* DataModel.swift */; };
		B9158CED2BF164C200C2B3D2 /* UserModel.swift in Sources */ = {isa = PBXBuildFile; fileRef = B9158CEC2BF164C200C2B3D2 /* UserModel.swift */; };
		B9158CEF2BF1653600C2B3D2 /* AXPMessagingViewModel.swift in Sources */ = {isa = PBXBuildFile; fileRef = B9158CEE2BF1653600C2B3D2 /* AXPMessagingViewModel.swift */; };
		B9A2335F2C36E9C8001FF780 /* NotificationService.swift in Sources */ = {isa = PBXBuildFile; fileRef = B9A2335E2C36E9C8001FF780 /* NotificationService.swift */; };
		B9A233642C36E9C8001FF780 /* RemoteNotificationService.appex in Embed Foundation Extensions */ = {isa = PBXBuildFile; fileRef = B9A2335C2C36E9C8001FF780 /* RemoteNotificationService.appex */; settings = {ATTRIBUTES = (RemoveHeadersOnCopy, ); }; };
		B9A233712C36EBAF001FF780 /* DataModel.swift in Sources */ = {isa = PBXBuildFile; fileRef = B9158CEA2BF1648C00C2B3D2 /* DataModel.swift */; };
		B9A233732C36EBF4001FF780 /* NotificationRegistration.swift in Sources */ = {isa = PBXBuildFile; fileRef = B9A233722C36EBF4001FF780 /* NotificationRegistration.swift */; };
		B9A233742C36EBFB001FF780 /* NotificationRegistration.swift in Sources */ = {isa = PBXBuildFile; fileRef = B9A233722C36EBF4001FF780 /* NotificationRegistration.swift */; };
		B9A233772C36EC68001FF780 /* Logger.swift in Sources */ = {isa = PBXBuildFile; fileRef = B9A233762C36EC68001FF780 /* Logger.swift */; };
		B9A233782C36EC70001FF780 /* Logger.swift in Sources */ = {isa = PBXBuildFile; fileRef = B9A233762C36EC68001FF780 /* Logger.swift */; };
		B9A2337A2C36EE7B001FF780 /* KeychainServices.swift in Sources */ = {isa = PBXBuildFile; fileRef = B9A233792C36EE7B001FF780 /* KeychainServices.swift */; };
		B9CCD8552C36F32000711EE0 /* UserModel.swift in Sources */ = {isa = PBXBuildFile; fileRef = B9158CEC2BF164C200C2B3D2 /* UserModel.swift */; };
		B9CCD8562C36F32A00711EE0 /* AXPMessagingConfiguration.swift in Sources */ = {isa = PBXBuildFile; fileRef = B9158CD72BF0F5E300C2B3D2 /* AXPMessagingConfiguration.swift */; };
		B9CCD8572C36F33900711EE0 /* NotificationService.swift in Sources */ = {isa = PBXBuildFile; fileRef = B9A2335E2C36E9C8001FF780 /* NotificationService.swift */; };
		B9CCD8582C36F44000711EE0 /* KeychainServices.swift in Sources */ = {isa = PBXBuildFile; fileRef = B9A233792C36EE7B001FF780 /* KeychainServices.swift */; };
		B9CCD85A2C36F4C000711EE0 /* AppDelegate.swift in Sources */ = {isa = PBXBuildFile; fileRef = B9CCD8592C36F4C000711EE0 /* AppDelegate.swift */; };
		B9CCD85D2C36F59A00711EE0 /* FirebaseMessaging in Frameworks */ = {isa = PBXBuildFile; productRef = B9CCD85C2C36F59A00711EE0 /* FirebaseMessaging */; };
		C91A6D0F2C4EC19F00125128 /* AXPMessagingUI in Frameworks */ = {isa = PBXBuildFile; productRef = C91A6D0E2C4EC19F00125128 /* AXPMessagingUI */; };
		C91A6D112C4EC1AC00125128 /* AXPCore in Frameworks */ = {isa = PBXBuildFile; productRef = C91A6D102C4EC1AC00125128 /* AXPCore */; };
		C91A6D132C4EC1AC00125128 /* AXPMessaging in Frameworks */ = {isa = PBXBuildFile; productRef = C91A6D122C4EC1AC00125128 /* AXPMessaging */; };
		C91A6D152C4EC1DE00125128 /* AXPMessaging in Frameworks */ = {isa = PBXBuildFile; productRef = C91A6D142C4EC1DE00125128 /* AXPMessaging */; };
		C91A6D172C4EC1E500125128 /* AXPCore in Frameworks */ = {isa = PBXBuildFile; productRef = C91A6D162C4EC1E500125128 /* AXPCore */; };
		FE145EF92C6E7ABC00A809F5 /* AppConstants.swift in Sources */ = {isa = PBXBuildFile; fileRef = FE145EF82C6E7ABC00A809F5 /* AppConstants.swift */; };
		FE145EFA2C6E7ABC00A809F5 /* AppConstants.swift in Sources */ = {isa = PBXBuildFile; fileRef = FE145EF82C6E7ABC00A809F5 /* AppConstants.swift */; };
/* End PBXBuildFile section */

/* Begin PBXContainerItemProxy section */
		B9A233612C36E9C8001FF780 /* PBXContainerItemProxy */ = {
			isa = PBXContainerItemProxy;
			containerPortal = B9158CA12BF0F51300C2B3D2 /* Project object */;
			proxyType = 1;
			remoteGlobalIDString = B9A2335B2C36E9C8001FF780;
			remoteInfo = RemoteNotificationService;
		};
/* End PBXContainerItemProxy section */

/* Begin PBXCopyFilesBuildPhase section */
		B9A233632C36E9C8001FF780 /* Embed Foundation Extensions */ = {
			isa = PBXCopyFilesBuildPhase;
			buildActionMask = 2147483647;
			dstPath = "";
			dstSubfolderSpec = 13;
			files = (
				B9A233642C36E9C8001FF780 /* RemoteNotificationService.appex in Embed Foundation Extensions */,
			);
			name = "Embed Foundation Extensions";
			runOnlyForDeploymentPostprocessing = 0;
		};
/* End PBXCopyFilesBuildPhase section */

/* Begin PBXFileReference section */
		8200841A2C58129600FFB9E9 /* AppBackendAPI.swift */ = {isa = PBXFileReference; fileEncoding = 4; lastKnownFileType = sourcecode.swift; path = AppBackendAPI.swift; sourceTree = "<group>"; };
		8200841B2C58129600FFB9E9 /* TokenProvider.swift */ = {isa = PBXFileReference; fileEncoding = 4; lastKnownFileType = sourcecode.swift; path = TokenProvider.swift; sourceTree = "<group>"; };
		8200841F2C58129F00FFB9E9 /* SettingsView.swift */ = {isa = PBXFileReference; fileEncoding = 4; lastKnownFileType = sourcecode.swift; path = SettingsView.swift; sourceTree = "<group>"; };
		820084202C58129F00FFB9E9 /* SettingTextView.swift */ = {isa = PBXFileReference; fileEncoding = 4; lastKnownFileType = sourcecode.swift; path = SettingTextView.swift; sourceTree = "<group>"; };
		820084302C58194D00FFB9E9 /* SettingsData.swift */ = {isa = PBXFileReference; lastKnownFileType = sourcecode.swift; path = SettingsData.swift; sourceTree = "<group>"; };
		822EA2D72C5D9774007F5411 /* SettingsConstants.swift */ = {isa = PBXFileReference; lastKnownFileType = sourcecode.swift; path = SettingsConstants.swift; sourceTree = "<group>"; };
		82CE17022C598E27008C3560 /* APNSSimulatorTest.apns */ = {isa = PBXFileReference; lastKnownFileType = text; name = APNSSimulatorTest.apns; path = ../../SampleAppCommon/Messaging/RemoteNotificationService/APNSSimulatorTest.apns; sourceTree = "<group>"; };
		B9158CA92BF0F51300C2B3D2 /* MessagingSample.app */ = {isa = PBXFileReference; explicitFileType = wrapper.application; includeInIndex = 0; path = MessagingSample.app; sourceTree = BUILT_PRODUCTS_DIR; };
		B9158CAC2BF0F51300C2B3D2 /* MessagingSampleApp.swift */ = {isa = PBXFileReference; lastKnownFileType = sourcecode.swift; path = MessagingSampleApp.swift; sourceTree = "<group>"; };
		B9158CAE2BF0F51300C2B3D2 /* ContentView.swift */ = {isa = PBXFileReference; lastKnownFileType = sourcecode.swift; path = ContentView.swift; sourceTree = "<group>"; };
		B9158CB02BF0F51600C2B3D2 /* Assets.xcassets */ = {isa = PBXFileReference; lastKnownFileType = folder.assetcatalog; path = Assets.xcassets; sourceTree = "<group>"; };
		B9158CB32BF0F51600C2B3D2 /* Preview Assets.xcassets */ = {isa = PBXFileReference; lastKnownFileType = folder.assetcatalog; path = "Preview Assets.xcassets"; sourceTree = "<group>"; };
		B9158CD72BF0F5E300C2B3D2 /* AXPMessagingConfiguration.swift */ = {isa = PBXFileReference; lastKnownFileType = sourcecode.swift; path = AXPMessagingConfiguration.swift; sourceTree = "<group>"; };
		B9158CEA2BF1648C00C2B3D2 /* DataModel.swift */ = {isa = PBXFileReference; lastKnownFileType = sourcecode.swift; path = DataModel.swift; sourceTree = "<group>"; };
		B9158CEC2BF164C200C2B3D2 /* UserModel.swift */ = {isa = PBXFileReference; lastKnownFileType = sourcecode.swift; path = UserModel.swift; sourceTree = "<group>"; };
		B9158CEE2BF1653600C2B3D2 /* AXPMessagingViewModel.swift */ = {isa = PBXFileReference; lastKnownFileType = sourcecode.swift; path = AXPMessagingViewModel.swift; sourceTree = "<group>"; };
		B9A2335C2C36E9C8001FF780 /* RemoteNotificationService.appex */ = {isa = PBXFileReference; explicitFileType = "wrapper.app-extension"; includeInIndex = 0; path = RemoteNotificationService.appex; sourceTree = BUILT_PRODUCTS_DIR; };
		B9A2335E2C36E9C8001FF780 /* NotificationService.swift */ = {isa = PBXFileReference; lastKnownFileType = sourcecode.swift; name = NotificationService.swift; path = ../../SampleAppCommon/Messaging/RemoteNotificationService/NotificationService.swift; sourceTree = "<group>"; };
		B9A233602C36E9C8001FF780 /* Info.plist */ = {isa = PBXFileReference; lastKnownFileType = text.plist.xml; path = Info.plist; sourceTree = "<group>"; };
		B9A2336F2C36EA29001FF780 /* RemoteNotificationService.entitlements */ = {isa = PBXFileReference; lastKnownFileType = text.plist.entitlements; path = RemoteNotificationService.entitlements; sourceTree = "<group>"; };
		B9A233702C36EAE0001FF780 /* MessagingSample.entitlements */ = {isa = PBXFileReference; lastKnownFileType = text.plist.entitlements; path = MessagingSample.entitlements; sourceTree = "<group>"; };
		B9A233722C36EBF4001FF780 /* NotificationRegistration.swift */ = {isa = PBXFileReference; lastKnownFileType = sourcecode.swift; name = NotificationRegistration.swift; path = ../../SampleAppCommon/Messaging/NotificationRegistration.swift; sourceTree = "<group>"; };
		B9A233762C36EC68001FF780 /* Logger.swift */ = {isa = PBXFileReference; lastKnownFileType = sourcecode.swift; path = Logger.swift; sourceTree = "<group>"; };
		B9A233792C36EE7B001FF780 /* KeychainServices.swift */ = {isa = PBXFileReference; lastKnownFileType = sourcecode.swift; name = KeychainServices.swift; path = ../../SampleAppCommon/Messaging/KeychainServices.swift; sourceTree = "<group>"; };
		B9CCD8592C36F4C000711EE0 /* AppDelegate.swift */ = {isa = PBXFileReference; lastKnownFileType = sourcecode.swift; name = AppDelegate.swift; path = ../../SampleAppCommon/Messaging/AppDelegate.swift; sourceTree = "<group>"; };
		FE145EF82C6E7ABC00A809F5 /* AppConstants.swift */ = {isa = PBXFileReference; lastKnownFileType = sourcecode.swift; path = AppConstants.swift; sourceTree = "<group>"; };
		FE52ABEA2C6A5F2200EB7979 /* Info.plist */ = {isa = PBXFileReference; lastKnownFileType = text.plist; path = Info.plist; sourceTree = "<group>"; };
/* End PBXFileReference section */

/* Begin PBXFrameworksBuildPhase section */
		B9158CA62BF0F51300C2B3D2 /* Frameworks */ = {
			isa = PBXFrameworksBuildPhase;
			buildActionMask = 2147483647;
			files = (
				B9CCD85D2C36F59A00711EE0 /* FirebaseMessaging in Frameworks */,
				C91A6D172C4EC1E500125128 /* AXPCore in Frameworks */,
				C91A6D0F2C4EC19F00125128 /* AXPMessagingUI in Frameworks */,
				C91A6D152C4EC1DE00125128 /* AXPMessaging in Frameworks */,
			);
			runOnlyForDeploymentPostprocessing = 0;
		};
		B9A233592C36E9C8001FF780 /* Frameworks */ = {
			isa = PBXFrameworksBuildPhase;
			buildActionMask = 2147483647;
			files = (
				C91A6D112C4EC1AC00125128 /* AXPCore in Frameworks */,
				C91A6D132C4EC1AC00125128 /* AXPMessaging in Frameworks */,
			);
			runOnlyForDeploymentPostprocessing = 0;
		};
/* End PBXFrameworksBuildPhase section */

/* Begin PBXGroup section */
		8200841C2C58129600FFB9E9 /* Backend */ = {
			isa = PBXGroup;
			children = (
				8200841A2C58129600FFB9E9 /* AppBackendAPI.swift */,
				8200841B2C58129600FFB9E9 /* TokenProvider.swift */,
			);
			name = Backend;
			path = ../../SampleAppCommon/Backend;
			sourceTree = "<group>";
		};
		820084212C58129F00FFB9E9 /* Settings */ = {
			isa = PBXGroup;
			children = (
				8200841F2C58129F00FFB9E9 /* SettingsView.swift */,
				820084202C58129F00FFB9E9 /* SettingTextView.swift */,
				820084302C58194D00FFB9E9 /* SettingsData.swift */,
				822EA2D72C5D9774007F5411 /* SettingsConstants.swift */,
			);
			name = Settings;
			path = ../../SampleAppCommon/Settings;
			sourceTree = "<group>";
		};
		B9158CA02BF0F51300C2B3D2 = {
			isa = PBXGroup;
			children = (
				B9158CAB2BF0F51300C2B3D2 /* MessagingSample */,
				B9A2335D2C36E9C8001FF780 /* RemoteNotificationService */,
				B9158CAA2BF0F51300C2B3D2 /* Products */,
			);
			indentWidth = 2;
			sourceTree = "<group>";
			tabWidth = 2;
			usesTabs = 0;
		};
		B9158CAA2BF0F51300C2B3D2 /* Products */ = {
			isa = PBXGroup;
			children = (
				B9158CA92BF0F51300C2B3D2 /* MessagingSample.app */,
				B9A2335C2C36E9C8001FF780 /* RemoteNotificationService.appex */,
			);
			name = Products;
			sourceTree = "<group>";
		};
		B9158CAB2BF0F51300C2B3D2 /* MessagingSample */ = {
			isa = PBXGroup;
			children = (
				FE52ABEA2C6A5F2200EB7979 /* Info.plist */,
				8200841C2C58129600FFB9E9 /* Backend */,
				820084212C58129F00FFB9E9 /* Settings */,
				B9A233702C36EAE0001FF780 /* MessagingSample.entitlements */,
				B9158CAC2BF0F51300C2B3D2 /* MessagingSampleApp.swift */,
				B9158CEE2BF1653600C2B3D2 /* AXPMessagingViewModel.swift */,
				B9158CEA2BF1648C00C2B3D2 /* DataModel.swift */,
				B9158CEC2BF164C200C2B3D2 /* UserModel.swift */,
				B9158CAE2BF0F51300C2B3D2 /* ContentView.swift */,
				B9158CB02BF0F51600C2B3D2 /* Assets.xcassets */,
				B9158CB22BF0F51600C2B3D2 /* Preview Content */,
				B9158CD72BF0F5E300C2B3D2 /* AXPMessagingConfiguration.swift */,
				B9A233722C36EBF4001FF780 /* NotificationRegistration.swift */,
				B9A233762C36EC68001FF780 /* Logger.swift */,
				B9A233792C36EE7B001FF780 /* KeychainServices.swift */,
				B9CCD8592C36F4C000711EE0 /* AppDelegate.swift */,
				FE145EF82C6E7ABC00A809F5 /* AppConstants.swift */,
			);
			path = MessagingSample;
			sourceTree = "<group>";
		};
		B9158CB22BF0F51600C2B3D2 /* Preview Content */ = {
			isa = PBXGroup;
			children = (
				B9158CB32BF0F51600C2B3D2 /* Preview Assets.xcassets */,
			);
			path = "Preview Content";
			sourceTree = "<group>";
		};
		B9A2335D2C36E9C8001FF780 /* RemoteNotificationService */ = {
			isa = PBXGroup;
			children = (
				B9A2336F2C36EA29001FF780 /* RemoteNotificationService.entitlements */,
				82CE17022C598E27008C3560 /* APNSSimulatorTest.apns */,
				B9A2335E2C36E9C8001FF780 /* NotificationService.swift */,
				B9A233602C36E9C8001FF780 /* Info.plist */,
			);
			path = RemoteNotificationService;
			sourceTree = "<group>";
		};
/* End PBXGroup section */

/* Begin PBXNativeTarget section */
		B9158CA82BF0F51300C2B3D2 /* MessagingSample */ = {
			isa = PBXNativeTarget;
			buildConfigurationList = B9158CCD2BF0F51600C2B3D2 /* Build configuration list for PBXNativeTarget "MessagingSample" */;
			buildPhases = (
				B9158CA52BF0F51300C2B3D2 /* Sources */,
				B9158CA62BF0F51300C2B3D2 /* Frameworks */,
				B9158CA72BF0F51300C2B3D2 /* Resources */,
				B9A233632C36E9C8001FF780 /* Embed Foundation Extensions */,
			);
			buildRules = (
			);
			dependencies = (
				B9A233622C36E9C8001FF780 /* PBXTargetDependency */,
			);
			name = MessagingSample;
			packageProductDependencies = (
				B9CCD85C2C36F59A00711EE0 /* FirebaseMessaging */,
				C91A6D0E2C4EC19F00125128 /* AXPMessagingUI */,
				C91A6D142C4EC1DE00125128 /* AXPMessaging */,
				C91A6D162C4EC1E500125128 /* AXPCore */,
			);
			productName = MessagingSample;
			productReference = B9158CA92BF0F51300C2B3D2 /* MessagingSample.app */;
			productType = "com.apple.product-type.application";
		};
		B9A2335B2C36E9C8001FF780 /* RemoteNotificationService */ = {
			isa = PBXNativeTarget;
			buildConfigurationList = B9A233652C36E9C8001FF780 /* Build configuration list for PBXNativeTarget "RemoteNotificationService" */;
			buildPhases = (
				B9A233582C36E9C8001FF780 /* Sources */,
				B9A233592C36E9C8001FF780 /* Frameworks */,
				B9A2335A2C36E9C8001FF780 /* Resources */,
			);
			buildRules = (
			);
			dependencies = (
			);
			name = RemoteNotificationService;
			packageProductDependencies = (
				C91A6D102C4EC1AC00125128 /* AXPCore */,
				C91A6D122C4EC1AC00125128 /* AXPMessaging */,
			);
			productName = RemoteNotificationService;
			productReference = B9A2335C2C36E9C8001FF780 /* RemoteNotificationService.appex */;
			productType = "com.apple.product-type.app-extension";
		};
/* End PBXNativeTarget section */

/* Begin PBXProject section */
		B9158CA12BF0F51300C2B3D2 /* Project object */ = {
			isa = PBXProject;
			attributes = {
				BuildIndependentTargetsInParallel = 1;
				LastSwiftUpdateCheck = 1530;
				LastUpgradeCheck = 1530;
				TargetAttributes = {
					B9158CA82BF0F51300C2B3D2 = {
						CreatedOnToolsVersion = 15.3;
					};
				};
			};
			buildConfigurationList = B9158CA42BF0F51300C2B3D2 /* Build configuration list for PBXProject "MessagingSample" */;
			compatibilityVersion = "Xcode 14.0";
			developmentRegion = en;
			hasScannedForEncodings = 0;
			knownRegions = (
				en,
				Base,
			);
			mainGroup = B9158CA02BF0F51300C2B3D2;
			packageReferences = (
				B9CCD85B2C36F59A00711EE0 /* XCRemoteSwiftPackageReference "firebase-ios-sdk" */,
				C91A6D0D2C4EC19F00125128 /* XCLocalSwiftPackageReference "../" */,
			);
			productRefGroup = B9158CAA2BF0F51300C2B3D2 /* Products */;
			projectDirPath = "";
			projectRoot = "";
			targets = (
				B9158CA82BF0F51300C2B3D2 /* MessagingSample */,
				B9A2335B2C36E9C8001FF780 /* RemoteNotificationService */,
			);
		};
/* End PBXProject section */

/* Begin PBXResourcesBuildPhase section */
		B9158CA72BF0F51300C2B3D2 /* Resources */ = {
			isa = PBXResourcesBuildPhase;
			buildActionMask = 2147483647;
			files = (
				B9158CB42BF0F51600C2B3D2 /* Preview Assets.xcassets in Resources */,
				B9158CB12BF0F51600C2B3D2 /* Assets.xcassets in Resources */,
			);
			runOnlyForDeploymentPostprocessing = 0;
		};
		B9A2335A2C36E9C8001FF780 /* Resources */ = {
			isa = PBXResourcesBuildPhase;
			buildActionMask = 2147483647;
			files = (
			);
			runOnlyForDeploymentPostprocessing = 0;
		};
/* End PBXResourcesBuildPhase section */

/* Begin PBXSourcesBuildPhase section */
		B9158CA52BF0F51300C2B3D2 /* Sources */ = {
			isa = PBXSourcesBuildPhase;
			buildActionMask = 2147483647;
			files = (
				820084312C58194D00FFB9E9 /* SettingsData.swift in Sources */,
				FE145EF92C6E7ABC00A809F5 /* AppConstants.swift in Sources */,
				820084222C58129F00FFB9E9 /* SettingsView.swift in Sources */,
				B9158CEB2BF1648C00C2B3D2 /* DataModel.swift in Sources */,
				B9CCD8572C36F33900711EE0 /* NotificationService.swift in Sources */,
				8200841D2C58129600FFB9E9 /* AppBackendAPI.swift in Sources */,
				B9A233732C36EBF4001FF780 /* NotificationRegistration.swift in Sources */,
				B9CCD85A2C36F4C000711EE0 /* AppDelegate.swift in Sources */,
				822EA2D82C5D9774007F5411 /* SettingsConstants.swift in Sources */,
				B9158CAF2BF0F51300C2B3D2 /* ContentView.swift in Sources */,
				B9A233772C36EC68001FF780 /* Logger.swift in Sources */,
				B9158CAD2BF0F51300C2B3D2 /* MessagingSampleApp.swift in Sources */,
				B9158CED2BF164C200C2B3D2 /* UserModel.swift in Sources */,
				B9A2337A2C36EE7B001FF780 /* KeychainServices.swift in Sources */,
				B9158CD82BF0F5E400C2B3D2 /* AXPMessagingConfiguration.swift in Sources */,
				8200841E2C58129600FFB9E9 /* TokenProvider.swift in Sources */,
				820084232C58129F00FFB9E9 /* SettingTextView.swift in Sources */,
				B9158CEF2BF1653600C2B3D2 /* AXPMessagingViewModel.swift in Sources */,
			);
			runOnlyForDeploymentPostprocessing = 0;
		};
		B9A233582C36E9C8001FF780 /* Sources */ = {
			isa = PBXSourcesBuildPhase;
			buildActionMask = 2147483647;
			files = (
				B9A233782C36EC70001FF780 /* Logger.swift in Sources */,
				B9CCD8582C36F44000711EE0 /* KeychainServices.swift in Sources */,
				8279EE562C5B01B300AD1899 /* SettingsData.swift in Sources */,
				820084392C581BD800FFB9E9 /* TokenProvider.swift in Sources */,
				B9A233742C36EBFB001FF780 /* NotificationRegistration.swift in Sources */,
				B9CCD8562C36F32A00711EE0 /* AXPMessagingConfiguration.swift in Sources */,
				B9A2335F2C36E9C8001FF780 /* NotificationService.swift in Sources */,
				FE145EFA2C6E7ABC00A809F5 /* AppConstants.swift in Sources */,
				B9CCD8552C36F32000711EE0 /* UserModel.swift in Sources */,
				8200842C2C58185900FFB9E9 /* AppBackendAPI.swift in Sources */,
				B9A233712C36EBAF001FF780 /* DataModel.swift in Sources */,
				822EA2DE2C5D9825007F5411 /* SettingsConstants.swift in Sources */,
			);
			runOnlyForDeploymentPostprocessing = 0;
		};
/* End PBXSourcesBuildPhase section */

/* Begin PBXTargetDependency section */
		B9A233622C36E9C8001FF780 /* PBXTargetDependency */ = {
			isa = PBXTargetDependency;
			target = B9A2335B2C36E9C8001FF780 /* RemoteNotificationService */;
			targetProxy = B9A233612C36E9C8001FF780 /* PBXContainerItemProxy */;
		};
/* End PBXTargetDependency section */

/* Begin XCBuildConfiguration section */
		B9158CCB2BF0F51600C2B3D2 /* Debug */ = {
			isa = XCBuildConfiguration;
			buildSettings = {
				ALWAYS_SEARCH_USER_PATHS = NO;
				ASSETCATALOG_COMPILER_GENERATE_SWIFT_ASSET_SYMBOL_EXTENSIONS = YES;
				CLANG_ANALYZER_NONNULL = YES;
				CLANG_ANALYZER_NUMBER_OBJECT_CONVERSION = YES_AGGRESSIVE;
				CLANG_CXX_LANGUAGE_STANDARD = "gnu++20";
				CLANG_ENABLE_MODULES = YES;
				CLANG_ENABLE_OBJC_ARC = YES;
				CLANG_ENABLE_OBJC_WEAK = YES;
				CLANG_WARN_BLOCK_CAPTURE_AUTORELEASING = YES;
				CLANG_WARN_BOOL_CONVERSION = YES;
				CLANG_WARN_COMMA = YES;
				CLANG_WARN_CONSTANT_CONVERSION = YES;
				CLANG_WARN_DEPRECATED_OBJC_IMPLEMENTATIONS = YES;
				CLANG_WARN_DIRECT_OBJC_ISA_USAGE = YES_ERROR;
				CLANG_WARN_DOCUMENTATION_COMMENTS = YES;
				CLANG_WARN_EMPTY_BODY = YES;
				CLANG_WARN_ENUM_CONVERSION = YES;
				CLANG_WARN_INFINITE_RECURSION = YES;
				CLANG_WARN_INT_CONVERSION = YES;
				CLANG_WARN_NON_LITERAL_NULL_CONVERSION = YES;
				CLANG_WARN_OBJC_IMPLICIT_RETAIN_SELF = YES;
				CLANG_WARN_OBJC_LITERAL_CONVERSION = YES;
				CLANG_WARN_OBJC_ROOT_CLASS = YES_ERROR;
				CLANG_WARN_QUOTED_INCLUDE_IN_FRAMEWORK_HEADER = YES;
				CLANG_WARN_RANGE_LOOP_ANALYSIS = YES;
				CLANG_WARN_STRICT_PROTOTYPES = YES;
				CLANG_WARN_SUSPICIOUS_MOVE = YES;
				CLANG_WARN_UNGUARDED_AVAILABILITY = YES_AGGRESSIVE;
				CLANG_WARN_UNREACHABLE_CODE = YES;
				CLANG_WARN__DUPLICATE_METHOD_MATCH = YES;
				COPY_PHASE_STRIP = NO;
				DEBUG_INFORMATION_FORMAT = dwarf;
				ENABLE_STRICT_OBJC_MSGSEND = YES;
				ENABLE_TESTABILITY = YES;
				ENABLE_USER_SCRIPT_SANDBOXING = YES;
				GCC_C_LANGUAGE_STANDARD = gnu17;
				GCC_DYNAMIC_NO_PIC = NO;
				GCC_NO_COMMON_BLOCKS = YES;
				GCC_OPTIMIZATION_LEVEL = 0;
				GCC_PREPROCESSOR_DEFINITIONS = (
					"DEBUG=1",
					"$(inherited)",
				);
				GCC_WARN_64_TO_32_BIT_CONVERSION = YES;
				GCC_WARN_ABOUT_RETURN_TYPE = YES_ERROR;
				GCC_WARN_UNDECLARED_SELECTOR = YES;
				GCC_WARN_UNINITIALIZED_AUTOS = YES_AGGRESSIVE;
				GCC_WARN_UNUSED_FUNCTION = YES;
				GCC_WARN_UNUSED_VARIABLE = YES;
				IPHONEOS_DEPLOYMENT_TARGET = 17.4;
				LOCALIZATION_PREFERS_STRING_CATALOGS = YES;
				MTL_ENABLE_DEBUG_INFO = INCLUDE_SOURCE;
				MTL_FAST_MATH = YES;
				ONLY_ACTIVE_ARCH = YES;
				SDKROOT = iphoneos;
				SWIFT_ACTIVE_COMPILATION_CONDITIONS = "DEBUG $(inherited)";
				SWIFT_OPTIMIZATION_LEVEL = "-Onone";
			};
			name = Debug;
		};
		B9158CCC2BF0F51600C2B3D2 /* Release */ = {
			isa = XCBuildConfiguration;
			buildSettings = {
				ALWAYS_SEARCH_USER_PATHS = NO;
				ASSETCATALOG_COMPILER_GENERATE_SWIFT_ASSET_SYMBOL_EXTENSIONS = YES;
				CLANG_ANALYZER_NONNULL = YES;
				CLANG_ANALYZER_NUMBER_OBJECT_CONVERSION = YES_AGGRESSIVE;
				CLANG_CXX_LANGUAGE_STANDARD = "gnu++20";
				CLANG_ENABLE_MODULES = YES;
				CLANG_ENABLE_OBJC_ARC = YES;
				CLANG_ENABLE_OBJC_WEAK = YES;
				CLANG_WARN_BLOCK_CAPTURE_AUTORELEASING = YES;
				CLANG_WARN_BOOL_CONVERSION = YES;
				CLANG_WARN_COMMA = YES;
				CLANG_WARN_CONSTANT_CONVERSION = YES;
				CLANG_WARN_DEPRECATED_OBJC_IMPLEMENTATIONS = YES;
				CLANG_WARN_DIRECT_OBJC_ISA_USAGE = YES_ERROR;
				CLANG_WARN_DOCUMENTATION_COMMENTS = YES;
				CLANG_WARN_EMPTY_BODY = YES;
				CLANG_WARN_ENUM_CONVERSION = YES;
				CLANG_WARN_INFINITE_RECURSION = YES;
				CLANG_WARN_INT_CONVERSION = YES;
				CLANG_WARN_NON_LITERAL_NULL_CONVERSION = YES;
				CLANG_WARN_OBJC_IMPLICIT_RETAIN_SELF = YES;
				CLANG_WARN_OBJC_LITERAL_CONVERSION = YES;
				CLANG_WARN_OBJC_ROOT_CLASS = YES_ERROR;
				CLANG_WARN_QUOTED_INCLUDE_IN_FRAMEWORK_HEADER = YES;
				CLANG_WARN_RANGE_LOOP_ANALYSIS = YES;
				CLANG_WARN_STRICT_PROTOTYPES = YES;
				CLANG_WARN_SUSPICIOUS_MOVE = YES;
				CLANG_WARN_UNGUARDED_AVAILABILITY = YES_AGGRESSIVE;
				CLANG_WARN_UNREACHABLE_CODE = YES;
				CLANG_WARN__DUPLICATE_METHOD_MATCH = YES;
				COPY_PHASE_STRIP = NO;
				DEBUG_INFORMATION_FORMAT = "dwarf-with-dsym";
				ENABLE_NS_ASSERTIONS = NO;
				ENABLE_STRICT_OBJC_MSGSEND = YES;
				ENABLE_USER_SCRIPT_SANDBOXING = YES;
				GCC_C_LANGUAGE_STANDARD = gnu17;
				GCC_NO_COMMON_BLOCKS = YES;
				GCC_WARN_64_TO_32_BIT_CONVERSION = YES;
				GCC_WARN_ABOUT_RETURN_TYPE = YES_ERROR;
				GCC_WARN_UNDECLARED_SELECTOR = YES;
				GCC_WARN_UNINITIALIZED_AUTOS = YES_AGGRESSIVE;
				GCC_WARN_UNUSED_FUNCTION = YES;
				GCC_WARN_UNUSED_VARIABLE = YES;
				IPHONEOS_DEPLOYMENT_TARGET = 17.4;
				LOCALIZATION_PREFERS_STRING_CATALOGS = YES;
				MTL_ENABLE_DEBUG_INFO = NO;
				MTL_FAST_MATH = YES;
				SDKROOT = iphoneos;
				SWIFT_COMPILATION_MODE = wholemodule;
				VALIDATE_PRODUCT = YES;
			};
			name = Release;
		};
		B9158CCE2BF0F51600C2B3D2 /* Debug */ = {
			isa = XCBuildConfiguration;
			buildSettings = {
				ALWAYS_EMBED_SWIFT_STANDARD_LIBRARIES = YES;
				ASSETCATALOG_COMPILER_APPICON_NAME = AppIcon;
				ASSETCATALOG_COMPILER_GLOBAL_ACCENT_COLOR_NAME = AccentColor;
				CODE_SIGN_ENTITLEMENTS = MessagingSample/MessagingSample.entitlements;
				CODE_SIGN_IDENTITY = "Apple Development";
				CODE_SIGN_STYLE = Automatic;
				CURRENT_PROJECT_VERSION = 1;
				DEVELOPMENT_ASSET_PATHS = "\"MessagingSample/Preview Content\"";
				DEVELOPMENT_TEAM = AYQ98BC3EV;
				ENABLE_PREVIEWS = YES;
				GENERATE_INFOPLIST_FILE = YES;
				INFOPLIST_FILE = MessagingSample/Info.plist;
				INFOPLIST_KEY_NSCameraUsageDescription = "This app needs access to the camera to take photos and share with agent.";
				INFOPLIST_KEY_UIApplicationSceneManifest_Generation = YES;
				INFOPLIST_KEY_UIApplicationSupportsIndirectInputEvents = YES;
				INFOPLIST_KEY_UILaunchScreen_Generation = YES;
				INFOPLIST_KEY_UISupportedInterfaceOrientations_iPad = "UIInterfaceOrientationPortrait UIInterfaceOrientationPortraitUpsideDown UIInterfaceOrientationLandscapeLeft UIInterfaceOrientationLandscapeRight";
				INFOPLIST_KEY_UISupportedInterfaceOrientations_iPhone = "UIInterfaceOrientationPortrait UIInterfaceOrientationLandscapeLeft UIInterfaceOrientationLandscapeRight";
				LD_RUNPATH_SEARCH_PATHS = (
					"$(inherited)",
					"@executable_path/Frameworks",
				);
				MARKETING_VERSION = 1.0;
				PRODUCT_BUNDLE_IDENTIFIER = com.avaya.axp.omni.MessagingSample;
				PRODUCT_NAME = "$(TARGET_NAME)";
				PROVISIONING_PROFILE_SPECIFIER = "";
				SWIFT_EMIT_LOC_STRINGS = YES;
				SWIFT_VERSION = 5.0;
				TARGETED_DEVICE_FAMILY = "1,2";
			};
			name = Debug;
		};
		B9158CCF2BF0F51600C2B3D2 /* Release */ = {
			isa = XCBuildConfiguration;
			buildSettings = {
				ALWAYS_EMBED_SWIFT_STANDARD_LIBRARIES = YES;
				ASSETCATALOG_COMPILER_APPICON_NAME = AppIcon;
				ASSETCATALOG_COMPILER_GLOBAL_ACCENT_COLOR_NAME = AccentColor;
				CODE_SIGN_ENTITLEMENTS = MessagingSample/MessagingSample.entitlements;
				CODE_SIGN_IDENTITY = "Apple Development";
				CODE_SIGN_STYLE = Automatic;
				CURRENT_PROJECT_VERSION = 1;
				DEVELOPMENT_ASSET_PATHS = "\"MessagingSample/Preview Content\"";
				DEVELOPMENT_TEAM = AYQ98BC3EV;
				ENABLE_PREVIEWS = YES;
				GENERATE_INFOPLIST_FILE = YES;
				INFOPLIST_FILE = MessagingSample/Info.plist;
				INFOPLIST_KEY_NSCameraUsageDescription = "This app needs access to the camera to take photos and share with agent.";
				INFOPLIST_KEY_UIApplicationSceneManifest_Generation = YES;
				INFOPLIST_KEY_UIApplicationSupportsIndirectInputEvents = YES;
				INFOPLIST_KEY_UILaunchScreen_Generation = YES;
				INFOPLIST_KEY_UISupportedInterfaceOrientations_iPad = "UIInterfaceOrientationPortrait UIInterfaceOrientationPortraitUpsideDown UIInterfaceOrientationLandscapeLeft UIInterfaceOrientationLandscapeRight";
				INFOPLIST_KEY_UISupportedInterfaceOrientations_iPhone = "UIInterfaceOrientationPortrait UIInterfaceOrientationLandscapeLeft UIInterfaceOrientationLandscapeRight";
				LD_RUNPATH_SEARCH_PATHS = (
					"$(inherited)",
					"@executable_path/Frameworks",
				);
				MARKETING_VERSION = 1.0;
				PRODUCT_BUNDLE_IDENTIFIER = com.avaya.axp.omni.MessagingSample;
				PRODUCT_NAME = "$(TARGET_NAME)";
				PROVISIONING_PROFILE_SPECIFIER = "";
				SWIFT_EMIT_LOC_STRINGS = YES;
				SWIFT_VERSION = 5.0;
				TARGETED_DEVICE_FAMILY = "1,2";
			};
			name = Release;
		};
		B9A233662C36E9C8001FF780 /* Debug */ = {
			isa = XCBuildConfiguration;
			buildSettings = {
				CODE_SIGN_ENTITLEMENTS = RemoteNotificationService/RemoteNotificationService.entitlements;
				CODE_SIGN_STYLE = Automatic;
				CURRENT_PROJECT_VERSION = 1;
				DEVELOPMENT_TEAM = AYQ98BC3EV;
				GENERATE_INFOPLIST_FILE = YES;
				INFOPLIST_FILE = RemoteNotificationService/Info.plist;
				INFOPLIST_KEY_CFBundleDisplayName = RemoteNotificationService;
				INFOPLIST_KEY_NSHumanReadableCopyright = "";
				IPHONEOS_DEPLOYMENT_TARGET = 17.4;
				LD_RUNPATH_SEARCH_PATHS = (
					"$(inherited)",
					"@executable_path/Frameworks",
					"@executable_path/../../Frameworks",
				);
				MARKETING_VERSION = 1.0;
				PRODUCT_BUNDLE_IDENTIFIER = com.avaya.axp.omni.MessagingSample.RemoteNotificationService;
				PRODUCT_NAME = "$(TARGET_NAME)";
				SKIP_INSTALL = YES;
				SWIFT_EMIT_LOC_STRINGS = YES;
				SWIFT_VERSION = 5.0;
				TARGETED_DEVICE_FAMILY = "1,2";
			};
			name = Debug;
		};
		B9A233672C36E9C8001FF780 /* Release */ = {
			isa = XCBuildConfiguration;
			buildSettings = {
				CODE_SIGN_ENTITLEMENTS = RemoteNotificationService/RemoteNotificationService.entitlements;
				CODE_SIGN_STYLE = Automatic;
				CURRENT_PROJECT_VERSION = 1;
				DEVELOPMENT_TEAM = AYQ98BC3EV;
				GENERATE_INFOPLIST_FILE = YES;
				INFOPLIST_FILE = RemoteNotificationService/Info.plist;
				INFOPLIST_KEY_CFBundleDisplayName = RemoteNotificationService;
				INFOPLIST_KEY_NSHumanReadableCopyright = "";
				IPHONEOS_DEPLOYMENT_TARGET = 17.4;
				LD_RUNPATH_SEARCH_PATHS = (
					"$(inherited)",
					"@executable_path/Frameworks",
					"@executable_path/../../Frameworks",
				);
				MARKETING_VERSION = 1.0;
				PRODUCT_BUNDLE_IDENTIFIER = com.avaya.axp.omni.MessagingSample.RemoteNotificationService;
				PRODUCT_NAME = "$(TARGET_NAME)";
				SKIP_INSTALL = YES;
				SWIFT_EMIT_LOC_STRINGS = YES;
				SWIFT_VERSION = 5.0;
				TARGETED_DEVICE_FAMILY = "1,2";
			};
			name = Release;
		};
/* End XCBuildConfiguration section */

/* Begin XCConfigurationList section */
		B9158CA42BF0F51300C2B3D2 /* Build configuration list for PBXProject "MessagingSample" */ = {
			isa = XCConfigurationList;
			buildConfigurations = (
				B9158CCB2BF0F51600C2B3D2 /* Debug */,
				B9158CCC2BF0F51600C2B3D2 /* Release */,
			);
			defaultConfigurationIsVisible = 0;
			defaultConfigurationName = Release;
		};
		B9158CCD2BF0F51600C2B3D2 /* Build configuration list for PBXNativeTarget "MessagingSample" */ = {
			isa = XCConfigurationList;
			buildConfigurations = (
				B9158CCE2BF0F51600C2B3D2 /* Debug */,
				B9158CCF2BF0F51600C2B3D2 /* Release */,
			);
			defaultConfigurationIsVisible = 0;
			defaultConfigurationName = Release;
		};
		B9A233652C36E9C8001FF780 /* Build configuration list for PBXNativeTarget "RemoteNotificationService" */ = {
			isa = XCConfigurationList;
			buildConfigurations = (
				B9A233662C36E9C8001FF780 /* Debug */,
				B9A233672C36E9C8001FF780 /* Release */,
			);
			defaultConfigurationIsVisible = 0;
			defaultConfigurationName = Release;
		};
/* End XCConfigurationList section */

/* Begin XCLocalSwiftPackageReference section */
		C91A6D0D2C4EC19F00125128 /* XCLocalSwiftPackageReference "../" */ = {
			isa = XCLocalSwiftPackageReference;
			relativePath = ../;
		};
/* End XCLocalSwiftPackageReference section */

/* Begin XCRemoteSwiftPackageReference section */
		B9CCD85B2C36F59A00711EE0 /* XCRemoteSwiftPackageReference "firebase-ios-sdk" */ = {
			isa = XCRemoteSwiftPackageReference;
			repositoryURL = "https://github.com/firebase/firebase-ios-sdk";
			requirement = {
				kind = upToNextMajorVersion;
				minimumVersion = 10.28.1;
			};
		};
/* End XCRemoteSwiftPackageReference section */

/* Begin XCSwiftPackageProductDependency section */
		B9CCD85C2C36F59A00711EE0 /* FirebaseMessaging */ = {
			isa = XCSwiftPackageProductDependency;
			package = B9CCD85B2C36F59A00711EE0 /* XCRemoteSwiftPackageReference "firebase-ios-sdk" */;
			productName = FirebaseMessaging;
		};
		C91A6D0E2C4EC19F00125128 /* AXPMessagingUI */ = {
			isa = XCSwiftPackageProductDependency;
			productName = AXPMessagingUI;
		};
		C91A6D102C4EC1AC00125128 /* AXPCore */ = {
			isa = XCSwiftPackageProductDependency;
			package = C91A6D0D2C4EC19F00125128 /* XCLocalSwiftPackageReference "../" */;
			productName = AXPCore;
		};
		C91A6D122C4EC1AC00125128 /* AXPMessaging */ = {
			isa = XCSwiftPackageProductDependency;
			package = C91A6D0D2C4EC19F00125128 /* XCLocalSwiftPackageReference "../" */;
			productName = AXPMessaging;
		};
		C91A6D142C4EC1DE00125128 /* AXPMessaging */ = {
			isa = XCSwiftPackageProductDependency;
			package = C91A6D0D2C4EC19F00125128 /* XCLocalSwiftPackageReference "../" */;
			productName = AXPMessaging;
		};
		C91A6D162C4EC1E500125128 /* AXPCore */ = {
			isa = XCSwiftPackageProductDependency;
			package = C91A6D0D2C4EC19F00125128 /* XCLocalSwiftPackageReference "../" */;
			productName = AXPCore;
		};
/* End XCSwiftPackageProductDependency section */
	};
	rootObject = B9158CA12BF0F51300C2B3D2 /* Project object */;
}
