// !$*UTF8*$!
{
	archiveVersion = 1;
	classes = {
	};
	objectVersion = 60;
	objects = {

/* Begin PBXBuildFile section */
		B9158CAD2BF0F51300C2B3D2 /* MessagingSampleApp.swift in Sources */ = {isa = PBXBuildFile; fileRef = B9158CAC2BF0F51300C2B3D2 /* MessagingSampleApp.swift */; };
		B9158CAF2BF0F51300C2B3D2 /* ContentView.swift in Sources */ = {isa = PBXBuildFile; fileRef = B9158CAE2BF0F51300C2B3D2 /* ContentView.swift */; };
		B9158CB12BF0F51600C2B3D2 /* Assets.xcassets in Resources */ = {isa = PBXBuildFile; fileRef = B9158CB02BF0F51600C2B3D2 /* Assets.xcassets */; };
		B9158CB42BF0F51600C2B3D2 /* Preview Assets.xcassets in Resources */ = {isa = PBXBuildFile; fileRef = B9158CB32BF0F51600C2B3D2 /* Preview Assets.xcassets */; };
		B9158CD82BF0F5E400C2B3D2 /* MessagingSDKConfig.swift in Sources */ = {isa = PBXBuildFile; fileRef = B9158CD72BF0F5E300C2B3D2 /* MessagingSDKConfig.swift */; };
		B9158CE02BF0F6CC00C2B3D2 /* AXPJWTProvider.swift in Sources */ = {isa = PBXBuildFile; fileRef = B9158CDC2BF0F6CC00C2B3D2 /* AXPJWTProvider.swift */; };
		B9158CEB2BF1648C00C2B3D2 /* DataModel.swift in Sources */ = {isa = PBXBuildFile; fileRef = B9158CEA2BF1648C00C2B3D2 /* DataModel.swift */; };
		B9158CED2BF164C200C2B3D2 /* UserModel.swift in Sources */ = {isa = PBXBuildFile; fileRef = B9158CEC2BF164C200C2B3D2 /* UserModel.swift */; };
		B9158CEF2BF1653600C2B3D2 /* AXPMessagingViewModel.swift in Sources */ = {isa = PBXBuildFile; fileRef = B9158CEE2BF1653600C2B3D2 /* AXPMessagingViewModel.swift */; };
		B91EB6952C3ECA6A0044EFD4 /* NotificationService.swift in Sources */ = {isa = PBXBuildFile; fileRef = B91EB6942C3ECA6A0044EFD4 /* NotificationService.swift */; };
		B91EB6992C3ECA6A0044EFD4 /* RemoteNotificationService.appex in Embed Foundation Extensions */ = {isa = PBXBuildFile; fileRef = B91EB6922C3ECA690044EFD4 /* RemoteNotificationService.appex */; settings = {ATTRIBUTES = (RemoveHeadersOnCopy, ); }; };
		B91EB6A42C3ECBDF0044EFD4 /* AppDelegate.swift in Sources */ = {isa = PBXBuildFile; fileRef = B91EB6A02C3ECBDE0044EFD4 /* AppDelegate.swift */; };
		B91EB6A52C3ECBDF0044EFD4 /* CommonFunctions.swift in Sources */ = {isa = PBXBuildFile; fileRef = B91EB6A12C3ECBDE0044EFD4 /* CommonFunctions.swift */; };
		B91EB6A62C3ECBDF0044EFD4 /* KeychainServices.swift in Sources */ = {isa = PBXBuildFile; fileRef = B91EB6A22C3ECBDE0044EFD4 /* KeychainServices.swift */; };
		B91EB6A72C3ECBDF0044EFD4 /* Logger.swift in Sources */ = {isa = PBXBuildFile; fileRef = B91EB6A32C3ECBDF0044EFD4 /* Logger.swift */; };
		B91EB6A82C3ECC1C0044EFD4 /* DataModel.swift in Sources */ = {isa = PBXBuildFile; fileRef = B9158CEA2BF1648C00C2B3D2 /* DataModel.swift */; };
		B91EB6A92C3ECC260044EFD4 /* AXPJWTProvider.swift in Sources */ = {isa = PBXBuildFile; fileRef = B9158CDC2BF0F6CC00C2B3D2 /* AXPJWTProvider.swift */; };
		B91EB6AA2C3ECC7A0044EFD4 /* Logger.swift in Sources */ = {isa = PBXBuildFile; fileRef = B91EB6A32C3ECBDF0044EFD4 /* Logger.swift */; };
		B91EB6AB2C3ECC820044EFD4 /* MessagingSDKConfig.swift in Sources */ = {isa = PBXBuildFile; fileRef = B9158CD72BF0F5E300C2B3D2 /* MessagingSDKConfig.swift */; };
		B91EB6AC2C3ECC910044EFD4 /* CommonFunctions.swift in Sources */ = {isa = PBXBuildFile; fileRef = B91EB6A12C3ECBDE0044EFD4 /* CommonFunctions.swift */; };
		B91EB6AD2C3ECCB20044EFD4 /* UserModel.swift in Sources */ = {isa = PBXBuildFile; fileRef = B9158CEC2BF164C200C2B3D2 /* UserModel.swift */; };
		B91EB6AE2C3ECCC00044EFD4 /* NotificationService.swift in Sources */ = {isa = PBXBuildFile; fileRef = B91EB6942C3ECA6A0044EFD4 /* NotificationService.swift */; };
		B91EB6AF2C3ECCCF0044EFD4 /* KeychainServices.swift in Sources */ = {isa = PBXBuildFile; fileRef = B91EB6A22C3ECBDE0044EFD4 /* KeychainServices.swift */; };
		B91EB6B22C3ECD9D0044EFD4 /* FirebaseMessaging in Frameworks */ = {isa = PBXBuildFile; productRef = B91EB6B12C3ECD9D0044EFD4 /* FirebaseMessaging */; };
		B98849D92C3EE14600AB449B /* AXPMessagingUI in Frameworks */ = {isa = PBXBuildFile; productRef = B98849D82C3EE14600AB449B /* AXPMessagingUI */; };
		B98849DE2C3F869B00AB449B /* AXPCore in Frameworks */ = {isa = PBXBuildFile; productRef = B98849DD2C3F869B00AB449B /* AXPCore */; };
		B98849E02C3F869B00AB449B /* AXPMessaging in Frameworks */ = {isa = PBXBuildFile; productRef = B98849DF2C3F869B00AB449B /* AXPMessaging */; };
		B98849E22C3F869B00AB449B /* AXPMessagingUI in Frameworks */ = {isa = PBXBuildFile; productRef = B98849E12C3F869B00AB449B /* AXPMessagingUI */; };
		B98849E42C3F86BF00AB449B /* AXPCore in Frameworks */ = {isa = PBXBuildFile; productRef = B98849E32C3F86BF00AB449B /* AXPCore */; };
		B98849E62C3F86BF00AB449B /* AXPMessaging in Frameworks */ = {isa = PBXBuildFile; productRef = B98849E52C3F86BF00AB449B /* AXPMessaging */; };
/* End PBXBuildFile section */

/* Begin PBXContainerItemProxy section */
		B9158CBA2BF0F51600C2B3D2 /* PBXContainerItemProxy */ = {
			isa = PBXContainerItemProxy;
			containerPortal = B9158CA12BF0F51300C2B3D2 /* Project object */;
			proxyType = 1;
			remoteGlobalIDString = B9158CA82BF0F51300C2B3D2;
			remoteInfo = MessagingSample;
		};
		B9158CC42BF0F51600C2B3D2 /* PBXContainerItemProxy */ = {
			isa = PBXContainerItemProxy;
			containerPortal = B9158CA12BF0F51300C2B3D2 /* Project object */;
			proxyType = 1;
			remoteGlobalIDString = B9158CA82BF0F51300C2B3D2;
			remoteInfo = MessagingSample;
		};
		B91EB6972C3ECA6A0044EFD4 /* PBXContainerItemProxy */ = {
			isa = PBXContainerItemProxy;
			containerPortal = B9158CA12BF0F51300C2B3D2 /* Project object */;
			proxyType = 1;
			remoteGlobalIDString = B91EB6912C3ECA690044EFD4;
			remoteInfo = RemoteNotificationService;
		};
/* End PBXContainerItemProxy section */

/* Begin PBXCopyFilesBuildPhase section */
		B91EB69A2C3ECA6A0044EFD4 /* Embed Foundation Extensions */ = {
			isa = PBXCopyFilesBuildPhase;
			buildActionMask = 8;
			dstPath = "";
			dstSubfolderSpec = 13;
			files = (
				B91EB6992C3ECA6A0044EFD4 /* RemoteNotificationService.appex in Embed Foundation Extensions */,
			);
			name = "Embed Foundation Extensions";
			runOnlyForDeploymentPostprocessing = 1;
		};
/* End PBXCopyFilesBuildPhase section */

/* Begin PBXFileReference section */
		B9158CA92BF0F51300C2B3D2 /* MessagingSample.app */ = {isa = PBXFileReference; explicitFileType = wrapper.application; includeInIndex = 0; path = MessagingSample.app; sourceTree = BUILT_PRODUCTS_DIR; };
		B9158CAC2BF0F51300C2B3D2 /* MessagingSampleApp.swift */ = {isa = PBXFileReference; lastKnownFileType = sourcecode.swift; path = MessagingSampleApp.swift; sourceTree = "<group>"; };
		B9158CAE2BF0F51300C2B3D2 /* ContentView.swift */ = {isa = PBXFileReference; lastKnownFileType = sourcecode.swift; path = ContentView.swift; sourceTree = "<group>"; };
		B9158CB02BF0F51600C2B3D2 /* Assets.xcassets */ = {isa = PBXFileReference; lastKnownFileType = folder.assetcatalog; path = Assets.xcassets; sourceTree = "<group>"; };
		B9158CB32BF0F51600C2B3D2 /* Preview Assets.xcassets */ = {isa = PBXFileReference; lastKnownFileType = folder.assetcatalog; path = "Preview Assets.xcassets"; sourceTree = "<group>"; };
		B9158CB92BF0F51600C2B3D2 /* MessagingSampleTests.xctest */ = {isa = PBXFileReference; explicitFileType = wrapper.cfbundle; includeInIndex = 0; path = MessagingSampleTests.xctest; sourceTree = BUILT_PRODUCTS_DIR; };
		B9158CC32BF0F51600C2B3D2 /* MessagingSampleUITests.xctest */ = {isa = PBXFileReference; explicitFileType = wrapper.cfbundle; includeInIndex = 0; path = MessagingSampleUITests.xctest; sourceTree = BUILT_PRODUCTS_DIR; };
		B9158CD72BF0F5E300C2B3D2 /* MessagingSDKConfig.swift */ = {isa = PBXFileReference; lastKnownFileType = sourcecode.swift; path = MessagingSDKConfig.swift; sourceTree = "<group>"; };
		B9158CDC2BF0F6CC00C2B3D2 /* AXPJWTProvider.swift */ = {isa = PBXFileReference; fileEncoding = 4; lastKnownFileType = sourcecode.swift; path = AXPJWTProvider.swift; sourceTree = "<group>"; };
		B9158CEA2BF1648C00C2B3D2 /* DataModel.swift */ = {isa = PBXFileReference; lastKnownFileType = sourcecode.swift; path = DataModel.swift; sourceTree = "<group>"; };
		B9158CEC2BF164C200C2B3D2 /* UserModel.swift */ = {isa = PBXFileReference; lastKnownFileType = sourcecode.swift; path = UserModel.swift; sourceTree = "<group>"; };
		B9158CEE2BF1653600C2B3D2 /* AXPMessagingViewModel.swift */ = {isa = PBXFileReference; lastKnownFileType = sourcecode.swift; path = AXPMessagingViewModel.swift; sourceTree = "<group>"; };
		B91EB6922C3ECA690044EFD4 /* RemoteNotificationService.appex */ = {isa = PBXFileReference; explicitFileType = "wrapper.app-extension"; includeInIndex = 0; path = RemoteNotificationService.appex; sourceTree = BUILT_PRODUCTS_DIR; };
		B91EB6942C3ECA6A0044EFD4 /* NotificationService.swift */ = {isa = PBXFileReference; lastKnownFileType = sourcecode.swift; path = NotificationService.swift; sourceTree = "<group>"; };
		B91EB6962C3ECA6A0044EFD4 /* Info.plist */ = {isa = PBXFileReference; lastKnownFileType = text.plist.xml; path = Info.plist; sourceTree = "<group>"; };
		B91EB69E2C3ECAC10044EFD4 /* MessagingSample.entitlements */ = {isa = PBXFileReference; lastKnownFileType = text.plist.entitlements; path = MessagingSample.entitlements; sourceTree = "<group>"; };
		B91EB69F2C3ECB0E0044EFD4 /* RemoteNotificationService.entitlements */ = {isa = PBXFileReference; lastKnownFileType = text.plist.entitlements; path = RemoteNotificationService.entitlements; sourceTree = "<group>"; };
		B91EB6A02C3ECBDE0044EFD4 /* AppDelegate.swift */ = {isa = PBXFileReference; fileEncoding = 4; lastKnownFileType = sourcecode.swift; path = AppDelegate.swift; sourceTree = "<group>"; };
		B91EB6A12C3ECBDE0044EFD4 /* CommonFunctions.swift */ = {isa = PBXFileReference; fileEncoding = 4; lastKnownFileType = sourcecode.swift; path = CommonFunctions.swift; sourceTree = "<group>"; };
		B91EB6A22C3ECBDE0044EFD4 /* KeychainServices.swift */ = {isa = PBXFileReference; fileEncoding = 4; lastKnownFileType = sourcecode.swift; path = KeychainServices.swift; sourceTree = "<group>"; };
		B91EB6A32C3ECBDF0044EFD4 /* Logger.swift */ = {isa = PBXFileReference; fileEncoding = 4; lastKnownFileType = sourcecode.swift; path = Logger.swift; sourceTree = "<group>"; };
/* End PBXFileReference section */

/* Begin PBXFrameworksBuildPhase section */
		B9158CA62BF0F51300C2B3D2 /* Frameworks */ = {
			isa = PBXFrameworksBuildPhase;
			buildActionMask = 2147483647;
			files = (
				B98849E22C3F869B00AB449B /* AXPMessagingUI in Frameworks */,
				B98849DE2C3F869B00AB449B /* AXPCore in Frameworks */,
				B91EB6B22C3ECD9D0044EFD4 /* FirebaseMessaging in Frameworks */,
				B98849D92C3EE14600AB449B /* AXPMessagingUI in Frameworks */,
				B98849E02C3F869B00AB449B /* AXPMessaging in Frameworks */,
			);
			runOnlyForDeploymentPostprocessing = 0;
		};
		B9158CB62BF0F51600C2B3D2 /* Frameworks */ = {
			isa = PBXFrameworksBuildPhase;
			buildActionMask = 2147483647;
			files = (
			);
			runOnlyForDeploymentPostprocessing = 0;
		};
		B9158CC02BF0F51600C2B3D2 /* Frameworks */ = {
			isa = PBXFrameworksBuildPhase;
			buildActionMask = 2147483647;
			files = (
			);
			runOnlyForDeploymentPostprocessing = 0;
		};
		B91EB68F2C3ECA690044EFD4 /* Frameworks */ = {
			isa = PBXFrameworksBuildPhase;
			buildActionMask = 2147483647;
			files = (
				B98849E42C3F86BF00AB449B /* AXPCore in Frameworks */,
				B98849E62C3F86BF00AB449B /* AXPMessaging in Frameworks */,
			);
			runOnlyForDeploymentPostprocessing = 0;
		};
/* End PBXFrameworksBuildPhase section */

/* Begin PBXGroup section */
		B9158CA02BF0F51300C2B3D2 = {
			isa = PBXGroup;
			children = (
				B9158CAB2BF0F51300C2B3D2 /* MessagingSample */,
				B91EB6932C3ECA6A0044EFD4 /* RemoteNotificationService */,
				B9158CAA2BF0F51300C2B3D2 /* Products */,
				B9158CE12BF14EC700C2B3D2 /* Frameworks */,
			);
			sourceTree = "<group>";
		};
		B9158CAA2BF0F51300C2B3D2 /* Products */ = {
			isa = PBXGroup;
			children = (
				B9158CA92BF0F51300C2B3D2 /* MessagingSample.app */,
				B9158CB92BF0F51600C2B3D2 /* MessagingSampleTests.xctest */,
				B9158CC32BF0F51600C2B3D2 /* MessagingSampleUITests.xctest */,
				B91EB6922C3ECA690044EFD4 /* RemoteNotificationService.appex */,
			);
			name = Products;
			sourceTree = "<group>";
		};
		B9158CAB2BF0F51300C2B3D2 /* MessagingSample */ = {
			isa = PBXGroup;
			children = (
				B91EB6A02C3ECBDE0044EFD4 /* AppDelegate.swift */,
				B91EB6A12C3ECBDE0044EFD4 /* CommonFunctions.swift */,
				B91EB6A22C3ECBDE0044EFD4 /* KeychainServices.swift */,
				B91EB6A32C3ECBDF0044EFD4 /* Logger.swift */,
				B91EB69E2C3ECAC10044EFD4 /* MessagingSample.entitlements */,
				B9158CDC2BF0F6CC00C2B3D2 /* AXPJWTProvider.swift */,
				B9158CAC2BF0F51300C2B3D2 /* MessagingSampleApp.swift */,
				B9158CEE2BF1653600C2B3D2 /* AXPMessagingViewModel.swift */,
				B9158CEA2BF1648C00C2B3D2 /* DataModel.swift */,
				B9158CEC2BF164C200C2B3D2 /* UserModel.swift */,
				B9158CAE2BF0F51300C2B3D2 /* ContentView.swift */,
				B9158CB02BF0F51600C2B3D2 /* Assets.xcassets */,
				B9158CB22BF0F51600C2B3D2 /* Preview Content */,
				B9158CD72BF0F5E300C2B3D2 /* MessagingSDKConfig.swift */,
			);
			path = MessagingSample;
			sourceTree = "<group>";
		};
		B9158CB22BF0F51600C2B3D2 /* Preview Content */ = {
			isa = PBXGroup;
			children = (
				B9158CB32BF0F51600C2B3D2 /* Preview Assets.xcassets */,
			);
			path = "Preview Content";
			sourceTree = "<group>";
		};
		B9158CE12BF14EC700C2B3D2 /* Frameworks */ = {
			isa = PBXGroup;
			children = (
			);
			name = Frameworks;
			sourceTree = "<group>";
		};
		B91EB6932C3ECA6A0044EFD4 /* RemoteNotificationService */ = {
			isa = PBXGroup;
			children = (
				B91EB69F2C3ECB0E0044EFD4 /* RemoteNotificationService.entitlements */,
				B91EB6942C3ECA6A0044EFD4 /* NotificationService.swift */,
				B91EB6962C3ECA6A0044EFD4 /* Info.plist */,
			);
			path = RemoteNotificationService;
			sourceTree = "<group>";
		};
/* End PBXGroup section */

/* Begin PBXNativeTarget section */
		B9158CA82BF0F51300C2B3D2 /* MessagingSample */ = {
			isa = PBXNativeTarget;
			buildConfigurationList = B9158CCD2BF0F51600C2B3D2 /* Build configuration list for PBXNativeTarget "MessagingSample" */;
			buildPhases = (
				B9158CA52BF0F51300C2B3D2 /* Sources */,
				B9158CA62BF0F51300C2B3D2 /* Frameworks */,
				B9158CA72BF0F51300C2B3D2 /* Resources */,
				B91EB69A2C3ECA6A0044EFD4 /* Embed Foundation Extensions */,
			);
			buildRules = (
			);
			dependencies = (
				B91EB6982C3ECA6A0044EFD4 /* PBXTargetDependency */,
			);
			name = MessagingSample;
			packageProductDependencies = (
				B91EB6B12C3ECD9D0044EFD4 /* FirebaseMessaging */,
				B98849D82C3EE14600AB449B /* AXPMessagingUI */,
				B98849DD2C3F869B00AB449B /* AXPCore */,
				B98849DF2C3F869B00AB449B /* AXPMessaging */,
				B98849E12C3F869B00AB449B /* AXPMessagingUI */,
			);
			productName = MessagingSample;
			productReference = B9158CA92BF0F51300C2B3D2 /* MessagingSample.app */;
			productType = "com.apple.product-type.application";
		};
		B9158CB82BF0F51600C2B3D2 /* MessagingSampleTests */ = {
			isa = PBXNativeTarget;
			buildConfigurationList = B9158CD02BF0F51600C2B3D2 /* Build configuration list for PBXNativeTarget "MessagingSampleTests" */;
			buildPhases = (
				B9158CB52BF0F51600C2B3D2 /* Sources */,
				B9158CB62BF0F51600C2B3D2 /* Frameworks */,
				B9158CB72BF0F51600C2B3D2 /* Resources */,
			);
			buildRules = (
			);
			dependencies = (
				B9158CBB2BF0F51600C2B3D2 /* PBXTargetDependency */,
			);
			name = MessagingSampleTests;
			productName = MessagingSampleTests;
			productReference = B9158CB92BF0F51600C2B3D2 /* MessagingSampleTests.xctest */;
			productType = "com.apple.product-type.bundle.unit-test";
		};
		B9158CC22BF0F51600C2B3D2 /* MessagingSampleUITests */ = {
			isa = PBXNativeTarget;
			buildConfigurationList = B9158CD32BF0F51600C2B3D2 /* Build configuration list for PBXNativeTarget "MessagingSampleUITests" */;
			buildPhases = (
				B9158CBF2BF0F51600C2B3D2 /* Sources */,
				B9158CC02BF0F51600C2B3D2 /* Frameworks */,
				B9158CC12BF0F51600C2B3D2 /* Resources */,
			);
			buildRules = (
			);
			dependencies = (
				B9158CC52BF0F51600C2B3D2 /* PBXTargetDependency */,
			);
			name = MessagingSampleUITests;
			productName = MessagingSampleUITests;
			productReference = B9158CC32BF0F51600C2B3D2 /* MessagingSampleUITests.xctest */;
			productType = "com.apple.product-type.bundle.ui-testing";
		};
		B91EB6912C3ECA690044EFD4 /* RemoteNotificationService */ = {
			isa = PBXNativeTarget;
			buildConfigurationList = B91EB69D2C3ECA6A0044EFD4 /* Build configuration list for PBXNativeTarget "RemoteNotificationService" */;
			buildPhases = (
				B91EB68E2C3ECA690044EFD4 /* Sources */,
				B91EB68F2C3ECA690044EFD4 /* Frameworks */,
				B91EB6902C3ECA690044EFD4 /* Resources */,
			);
			buildRules = (
			);
			dependencies = (
			);
			name = RemoteNotificationService;
			packageProductDependencies = (
				B98849E32C3F86BF00AB449B /* AXPCore */,
				B98849E52C3F86BF00AB449B /* AXPMessaging */,
			);
			productName = RemoteNotificationService;
			productReference = B91EB6922C3ECA690044EFD4 /* RemoteNotificationService.appex */;
			productType = "com.apple.product-type.app-extension";
		};
/* End PBXNativeTarget section */

/* Begin PBXProject section */
		B9158CA12BF0F51300C2B3D2 /* Project object */ = {
			isa = PBXProject;
			attributes = {
				BuildIndependentTargetsInParallel = 1;
				LastSwiftUpdateCheck = 1540;
				LastUpgradeCheck = 1530;
				TargetAttributes = {
					B9158CA82BF0F51300C2B3D2 = {
						CreatedOnToolsVersion = 15.3;
					};
					B9158CB82BF0F51600C2B3D2 = {
						CreatedOnToolsVersion = 15.3;
						TestTargetID = B9158CA82BF0F51300C2B3D2;
					};
					B9158CC22BF0F51600C2B3D2 = {
						CreatedOnToolsVersion = 15.3;
						TestTargetID = B9158CA82BF0F51300C2B3D2;
					};
					B91EB6912C3ECA690044EFD4 = {
						CreatedOnToolsVersion = 15.4;
					};
				};
			};
			buildConfigurationList = B9158CA42BF0F51300C2B3D2 /* Build configuration list for PBXProject "MessagingSample" */;
			compatibilityVersion = "Xcode 14.0";
			developmentRegion = en;
			hasScannedForEncodings = 0;
			knownRegions = (
				en,
				Base,
			);
			mainGroup = B9158CA02BF0F51300C2B3D2;
			packageReferences = (
				B91EB6B02C3ECD9D0044EFD4 /* XCRemoteSwiftPackageReference "firebase-ios-sdk" */,
				B98849DC2C3F869B00AB449B /* XCLocalSwiftPackageReference "../" */,
			);
			productRefGroup = B9158CAA2BF0F51300C2B3D2 /* Products */;
			projectDirPath = "";
			projectRoot = "";
			targets = (
				B9158CA82BF0F51300C2B3D2 /* MessagingSample */,
				B9158CB82BF0F51600C2B3D2 /* MessagingSampleTests */,
				B9158CC22BF0F51600C2B3D2 /* MessagingSampleUITests */,
				B91EB6912C3ECA690044EFD4 /* RemoteNotificationService */,
			);
		};
/* End PBXProject section */

/* Begin PBXResourcesBuildPhase section */
		B9158CA72BF0F51300C2B3D2 /* Resources */ = {
			isa = PBXResourcesBuildPhase;
			buildActionMask = 2147483647;
			files = (
				B9158CB42BF0F51600C2B3D2 /* Preview Assets.xcassets in Resources */,
				B9158CB12BF0F51600C2B3D2 /* Assets.xcassets in Resources */,
			);
			runOnlyForDeploymentPostprocessing = 0;
		};
		B9158CB72BF0F51600C2B3D2 /* Resources */ = {
			isa = PBXResourcesBuildPhase;
			buildActionMask = 2147483647;
			files = (
			);
			runOnlyForDeploymentPostprocessing = 0;
		};
		B9158CC12BF0F51600C2B3D2 /* Resources */ = {
			isa = PBXResourcesBuildPhase;
			buildActionMask = 2147483647;
			files = (
			);
			runOnlyForDeploymentPostprocessing = 0;
		};
		B91EB6902C3ECA690044EFD4 /* Resources */ = {
			isa = PBXResourcesBuildPhase;
			buildActionMask = 2147483647;
			files = (
			);
			runOnlyForDeploymentPostprocessing = 0;
		};
/* End PBXResourcesBuildPhase section */

/* Begin PBXSourcesBuildPhase section */
		B9158CA52BF0F51300C2B3D2 /* Sources */ = {
			isa = PBXSourcesBuildPhase;
			buildActionMask = 2147483647;
			files = (
				B91EB6A52C3ECBDF0044EFD4 /* CommonFunctions.swift in Sources */,
				B91EB6A72C3ECBDF0044EFD4 /* Logger.swift in Sources */,
				B91EB6A42C3ECBDF0044EFD4 /* AppDelegate.swift in Sources */,
				B9158CEB2BF1648C00C2B3D2 /* DataModel.swift in Sources */,
				B91EB6AE2C3ECCC00044EFD4 /* NotificationService.swift in Sources */,
				B9158CE02BF0F6CC00C2B3D2 /* AXPJWTProvider.swift in Sources */,
				B9158CAF2BF0F51300C2B3D2 /* ContentView.swift in Sources */,
				B9158CAD2BF0F51300C2B3D2 /* MessagingSampleApp.swift in Sources */,
				B9158CED2BF164C200C2B3D2 /* UserModel.swift in Sources */,
				B91EB6A62C3ECBDF0044EFD4 /* KeychainServices.swift in Sources */,
				B9158CD82BF0F5E400C2B3D2 /* MessagingSDKConfig.swift in Sources */,
				B9158CEF2BF1653600C2B3D2 /* AXPMessagingViewModel.swift in Sources */,
			);
			runOnlyForDeploymentPostprocessing = 0;
		};
		B9158CB52BF0F51600C2B3D2 /* Sources */ = {
			isa = PBXSourcesBuildPhase;
			buildActionMask = 2147483647;
			files = (
			);
			runOnlyForDeploymentPostprocessing = 0;
		};
		B9158CBF2BF0F51600C2B3D2 /* Sources */ = {
			isa = PBXSourcesBuildPhase;
			buildActionMask = 2147483647;
			files = (
			);
			runOnlyForDeploymentPostprocessing = 0;
		};
		B91EB68E2C3ECA690044EFD4 /* Sources */ = {
			isa = PBXSourcesBuildPhase;
			buildActionMask = 2147483647;
			files = (
				B91EB6AC2C3ECC910044EFD4 /* CommonFunctions.swift in Sources */,
				B91EB6AF2C3ECCCF0044EFD4 /* KeychainServices.swift in Sources */,
				B91EB6AD2C3ECCB20044EFD4 /* UserModel.swift in Sources */,
				B91EB6952C3ECA6A0044EFD4 /* NotificationService.swift in Sources */,
				B91EB6A92C3ECC260044EFD4 /* AXPJWTProvider.swift in Sources */,
				B91EB6A82C3ECC1C0044EFD4 /* DataModel.swift in Sources */,
				B91EB6AA2C3ECC7A0044EFD4 /* Logger.swift in Sources */,
				B91EB6AB2C3ECC820044EFD4 /* MessagingSDKConfig.swift in Sources */,
			);
			runOnlyForDeploymentPostprocessing = 0;
		};
/* End PBXSourcesBuildPhase section */

/* Begin PBXTargetDependency section */
		B9158CBB2BF0F51600C2B3D2 /* PBXTargetDependency */ = {
			isa = PBXTargetDependency;
			target = B9158CA82BF0F51300C2B3D2 /* MessagingSample */;
			targetProxy = B9158CBA2BF0F51600C2B3D2 /* PBXContainerItemProxy */;
		};
		B9158CC52BF0F51600C2B3D2 /* PBXTargetDependency */ = {
			isa = PBXTargetDependency;
			target = B9158CA82BF0F51300C2B3D2 /* MessagingSample */;
			targetProxy = B9158CC42BF0F51600C2B3D2 /* PBXContainerItemProxy */;
		};
		B91EB6982C3ECA6A0044EFD4 /* PBXTargetDependency */ = {
			isa = PBXTargetDependency;
			target = B91EB6912C3ECA690044EFD4 /* RemoteNotificationService */;
			targetProxy = B91EB6972C3ECA6A0044EFD4 /* PBXContainerItemProxy */;
		};
/* End PBXTargetDependency section */

/* Begin XCBuildConfiguration section */
		B9158CCB2BF0F51600C2B3D2 /* Debug */ = {
			isa = XCBuildConfiguration;
			buildSettings = {
				ALWAYS_SEARCH_USER_PATHS = NO;
				ASSETCATALOG_COMPILER_GENERATE_SWIFT_ASSET_SYMBOL_EXTENSIONS = YES;
				CLANG_ANALYZER_NONNULL = YES;
				CLANG_ANALYZER_NUMBER_OBJECT_CONVERSION = YES_AGGRESSIVE;
				CLANG_CXX_LANGUAGE_STANDARD = "gnu++20";
				CLANG_ENABLE_MODULES = YES;
				CLANG_ENABLE_OBJC_ARC = YES;
				CLANG_ENABLE_OBJC_WEAK = YES;
				CLANG_WARN_BLOCK_CAPTURE_AUTORELEASING = YES;
				CLANG_WARN_BOOL_CONVERSION = YES;
				CLANG_WARN_COMMA = YES;
				CLANG_WARN_CONSTANT_CONVERSION = YES;
				CLANG_WARN_DEPRECATED_OBJC_IMPLEMENTATIONS = YES;
				CLANG_WARN_DIRECT_OBJC_ISA_USAGE = YES_ERROR;
				CLANG_WARN_DOCUMENTATION_COMMENTS = YES;
				CLANG_WARN_EMPTY_BODY = YES;
				CLANG_WARN_ENUM_CONVERSION = YES;
				CLANG_WARN_INFINITE_RECURSION = YES;
				CLANG_WARN_INT_CONVERSION = YES;
				CLANG_WARN_NON_LITERAL_NULL_CONVERSION = YES;
				CLANG_WARN_OBJC_IMPLICIT_RETAIN_SELF = YES;
				CLANG_WARN_OBJC_LITERAL_CONVERSION = YES;
				CLANG_WARN_OBJC_ROOT_CLASS = YES_ERROR;
				CLANG_WARN_QUOTED_INCLUDE_IN_FRAMEWORK_HEADER = YES;
				CLANG_WARN_RANGE_LOOP_ANALYSIS = YES;
				CLANG_WARN_STRICT_PROTOTYPES = YES;
				CLANG_WARN_SUSPICIOUS_MOVE = YES;
				CLANG_WARN_UNGUARDED_AVAILABILITY = YES_AGGRESSIVE;
				CLANG_WARN_UNREACHABLE_CODE = YES;
				CLANG_WARN__DUPLICATE_METHOD_MATCH = YES;
				COPY_PHASE_STRIP = NO;
				DEBUG_INFORMATION_FORMAT = dwarf;
				ENABLE_STRICT_OBJC_MSGSEND = YES;
				ENABLE_TESTABILITY = YES;
				ENABLE_USER_SCRIPT_SANDBOXING = YES;
				GCC_C_LANGUAGE_STANDARD = gnu17;
				GCC_DYNAMIC_NO_PIC = NO;
				GCC_NO_COMMON_BLOCKS = YES;
				GCC_OPTIMIZATION_LEVEL = 0;
				GCC_PREPROCESSOR_DEFINITIONS = (
					"DEBUG=1",
					"$(inherited)",
				);
				GCC_WARN_64_TO_32_BIT_CONVERSION = YES;
				GCC_WARN_ABOUT_RETURN_TYPE = YES_ERROR;
				GCC_WARN_UNDECLARED_SELECTOR = YES;
				GCC_WARN_UNINITIALIZED_AUTOS = YES_AGGRESSIVE;
				GCC_WARN_UNUSED_FUNCTION = YES;
				GCC_WARN_UNUSED_VARIABLE = YES;
				IPHONEOS_DEPLOYMENT_TARGET = 17.4;
				LOCALIZATION_PREFERS_STRING_CATALOGS = YES;
				MTL_ENABLE_DEBUG_INFO = INCLUDE_SOURCE;
				MTL_FAST_MATH = YES;
				ONLY_ACTIVE_ARCH = YES;
				SDKROOT = iphoneos;
				SWIFT_ACTIVE_COMPILATION_CONDITIONS = "DEBUG $(inherited)";
				SWIFT_OPTIMIZATION_LEVEL = "-Onone";
			};
			name = Debug;
		};
		B9158CCC2BF0F51600C2B3D2 /* Release */ = {
			isa = XCBuildConfiguration;
			buildSettings = {
				ALWAYS_SEARCH_USER_PATHS = NO;
				ASSETCATALOG_COMPILER_GENERATE_SWIFT_ASSET_SYMBOL_EXTENSIONS = YES;
				CLANG_ANALYZER_NONNULL = YES;
				CLANG_ANALYZER_NUMBER_OBJECT_CONVERSION = YES_AGGRESSIVE;
				CLANG_CXX_LANGUAGE_STANDARD = "gnu++20";
				CLANG_ENABLE_MODULES = YES;
				CLANG_ENABLE_OBJC_ARC = YES;
				CLANG_ENABLE_OBJC_WEAK = YES;
				CLANG_WARN_BLOCK_CAPTURE_AUTORELEASING = YES;
				CLANG_WARN_BOOL_CONVERSION = YES;
				CLANG_WARN_COMMA = YES;
				CLANG_WARN_CONSTANT_CONVERSION = YES;
				CLANG_WARN_DEPRECATED_OBJC_IMPLEMENTATIONS = YES;
				CLANG_WARN_DIRECT_OBJC_ISA_USAGE = YES_ERROR;
				CLANG_WARN_DOCUMENTATION_COMMENTS = YES;
				CLANG_WARN_EMPTY_BODY = YES;
				CLANG_WARN_ENUM_CONVERSION = YES;
				CLANG_WARN_INFINITE_RECURSION = YES;
				CLANG_WARN_INT_CONVERSION = YES;
				CLANG_WARN_NON_LITERAL_NULL_CONVERSION = YES;
				CLANG_WARN_OBJC_IMPLICIT_RETAIN_SELF = YES;
				CLANG_WARN_OBJC_LITERAL_CONVERSION = YES;
				CLANG_WARN_OBJC_ROOT_CLASS = YES_ERROR;
				CLANG_WARN_QUOTED_INCLUDE_IN_FRAMEWORK_HEADER = YES;
				CLANG_WARN_RANGE_LOOP_ANALYSIS = YES;
				CLANG_WARN_STRICT_PROTOTYPES = YES;
				CLANG_WARN_SUSPICIOUS_MOVE = YES;
				CLANG_WARN_UNGUARDED_AVAILABILITY = YES_AGGRESSIVE;
				CLANG_WARN_UNREACHABLE_CODE = YES;
				CLANG_WARN__DUPLICATE_METHOD_MATCH = YES;
				COPY_PHASE_STRIP = NO;
				DEBUG_INFORMATION_FORMAT = "dwarf-with-dsym";
				ENABLE_NS_ASSERTIONS = NO;
				ENABLE_STRICT_OBJC_MSGSEND = YES;
				ENABLE_USER_SCRIPT_SANDBOXING = YES;
				GCC_C_LANGUAGE_STANDARD = gnu17;
				GCC_NO_COMMON_BLOCKS = YES;
				GCC_WARN_64_TO_32_BIT_CONVERSION = YES;
				GCC_WARN_ABOUT_RETURN_TYPE = YES_ERROR;
				GCC_WARN_UNDECLARED_SELECTOR = YES;
				GCC_WARN_UNINITIALIZED_AUTOS = YES_AGGRESSIVE;
				GCC_WARN_UNUSED_FUNCTION = YES;
				GCC_WARN_UNUSED_VARIABLE = YES;
				IPHONEOS_DEPLOYMENT_TARGET = 17.4;
				LOCALIZATION_PREFERS_STRING_CATALOGS = YES;
				MTL_ENABLE_DEBUG_INFO = NO;
				MTL_FAST_MATH = YES;
				SDKROOT = iphoneos;
				SWIFT_COMPILATION_MODE = wholemodule;
				VALIDATE_PRODUCT = YES;
			};
			name = Release;
		};
		B9158CCE2BF0F51600C2B3D2 /* Debug */ = {
			isa = XCBuildConfiguration;
			buildSettings = {
				ALWAYS_EMBED_SWIFT_STANDARD_LIBRARIES = YES;
				ASSETCATALOG_COMPILER_APPICON_NAME = AppIcon;
				ASSETCATALOG_COMPILER_GLOBAL_ACCENT_COLOR_NAME = AccentColor;
				CODE_SIGN_ENTITLEMENTS = MessagingSample/MessagingSample.entitlements;
				CODE_SIGN_STYLE = Automatic;
				CURRENT_PROJECT_VERSION = 1;
				DEVELOPMENT_ASSET_PATHS = "\"MessagingSample/Preview Content\"";
				DEVELOPMENT_TEAM = AYQ98BC3EV;
				ENABLE_PREVIEWS = YES;
				GENERATE_INFOPLIST_FILE = YES;
				INFOPLIST_KEY_UIApplicationSceneManifest_Generation = YES;
				INFOPLIST_KEY_UIApplicationSupportsIndirectInputEvents = YES;
				INFOPLIST_KEY_UILaunchScreen_Generation = YES;
				INFOPLIST_KEY_UISupportedInterfaceOrientations_iPad = "UIInterfaceOrientationPortrait UIInterfaceOrientationPortraitUpsideDown UIInterfaceOrientationLandscapeLeft UIInterfaceOrientationLandscapeRight";
				INFOPLIST_KEY_UISupportedInterfaceOrientations_iPhone = "UIInterfaceOrientationPortrait UIInterfaceOrientationLandscapeLeft UIInterfaceOrientationLandscapeRight";
				LD_RUNPATH_SEARCH_PATHS = (
					"$(inherited)",
					"@executable_path/Frameworks",
				);
				MARKETING_VERSION = 1.0;
				PRODUCT_BUNDLE_IDENTIFIER = avaya.MessagingSample;
				PRODUCT_NAME = "$(TARGET_NAME)";
				SWIFT_EMIT_LOC_STRINGS = YES;
				SWIFT_VERSION = 5.0;
				TARGETED_DEVICE_FAMILY = "1,2";
			};
			name = Debug;
		};
		B9158CCF2BF0F51600C2B3D2 /* Release */ = {
			isa = XCBuildConfiguration;
			buildSettings = {
				ALWAYS_EMBED_SWIFT_STANDARD_LIBRARIES = YES;
				ASSETCATALOG_COMPILER_APPICON_NAME = AppIcon;
				ASSETCATALOG_COMPILER_GLOBAL_ACCENT_COLOR_NAME = AccentColor;
				CODE_SIGN_ENTITLEMENTS = MessagingSample/MessagingSample.entitlements;
				CODE_SIGN_STYLE = Automatic;
				CURRENT_PROJECT_VERSION = 1;
				DEVELOPMENT_ASSET_PATHS = "\"MessagingSample/Preview Content\"";
				DEVELOPMENT_TEAM = AYQ98BC3EV;
				ENABLE_PREVIEWS = YES;
				GENERATE_INFOPLIST_FILE = YES;
				INFOPLIST_KEY_UIApplicationSceneManifest_Generation = YES;
				INFOPLIST_KEY_UIApplicationSupportsIndirectInputEvents = YES;
				INFOPLIST_KEY_UILaunchScreen_Generation = YES;
				INFOPLIST_KEY_UISupportedInterfaceOrientations_iPad = "UIInterfaceOrientationPortrait UIInterfaceOrientationPortraitUpsideDown UIInterfaceOrientationLandscapeLeft UIInterfaceOrientationLandscapeRight";
				INFOPLIST_KEY_UISupportedInterfaceOrientations_iPhone = "UIInterfaceOrientationPortrait UIInterfaceOrientationLandscapeLeft UIInterfaceOrientationLandscapeRight";
				LD_RUNPATH_SEARCH_PATHS = (
					"$(inherited)",
					"@executable_path/Frameworks",
				);
				MARKETING_VERSION = 1.0;
				PRODUCT_BUNDLE_IDENTIFIER = avaya.MessagingSample;
				PRODUCT_NAME = "$(TARGET_NAME)";
				SWIFT_EMIT_LOC_STRINGS = YES;
				SWIFT_VERSION = 5.0;
				TARGETED_DEVICE_FAMILY = "1,2";
			};
			name = Release;
		};
		B9158CD12BF0F51600C2B3D2 /* Debug */ = {
			isa = XCBuildConfiguration;
			buildSettings = {
				ALWAYS_EMBED_SWIFT_STANDARD_LIBRARIES = YES;
				BUNDLE_LOADER = "$(TEST_HOST)";
				CODE_SIGN_STYLE = Automatic;
				CURRENT_PROJECT_VERSION = 1;
				GENERATE_INFOPLIST_FILE = YES;
				IPHONEOS_DEPLOYMENT_TARGET = 17.4;
				MARKETING_VERSION = 1.0;
				PRODUCT_BUNDLE_IDENTIFIER = avaya.MessagingSampleTests;
				PRODUCT_NAME = "$(TARGET_NAME)";
				SWIFT_EMIT_LOC_STRINGS = NO;
				SWIFT_VERSION = 5.0;
				TARGETED_DEVICE_FAMILY = "1,2";
				TEST_HOST = "$(BUILT_PRODUCTS_DIR)/MessagingSample.app/$(BUNDLE_EXECUTABLE_FOLDER_PATH)/MessagingSample";
			};
			name = Debug;
		};
		B9158CD22BF0F51600C2B3D2 /* Release */ = {
			isa = XCBuildConfiguration;
			buildSettings = {
				ALWAYS_EMBED_SWIFT_STANDARD_LIBRARIES = YES;
				BUNDLE_LOADER = "$(TEST_HOST)";
				CODE_SIGN_STYLE = Automatic;
				CURRENT_PROJECT_VERSION = 1;
				GENERATE_INFOPLIST_FILE = YES;
				IPHONEOS_DEPLOYMENT_TARGET = 17.4;
				MARKETING_VERSION = 1.0;
				PRODUCT_BUNDLE_IDENTIFIER = avaya.MessagingSampleTests;
				PRODUCT_NAME = "$(TARGET_NAME)";
				SWIFT_EMIT_LOC_STRINGS = NO;
				SWIFT_VERSION = 5.0;
				TARGETED_DEVICE_FAMILY = "1,2";
				TEST_HOST = "$(BUILT_PRODUCTS_DIR)/MessagingSample.app/$(BUNDLE_EXECUTABLE_FOLDER_PATH)/MessagingSample";
			};
			name = Release;
		};
		B9158CD42BF0F51600C2B3D2 /* Debug */ = {
			isa = XCBuildConfiguration;
			buildSettings = {
				ALWAYS_EMBED_SWIFT_STANDARD_LIBRARIES = YES;
				CODE_SIGN_STYLE = Automatic;
				CURRENT_PROJECT_VERSION = 1;
				GENERATE_INFOPLIST_FILE = YES;
				MARKETING_VERSION = 1.0;
				PRODUCT_BUNDLE_IDENTIFIER = avaya.MessagingSampleUITests;
				PRODUCT_NAME = "$(TARGET_NAME)";
				SWIFT_EMIT_LOC_STRINGS = NO;
				SWIFT_VERSION = 5.0;
				TARGETED_DEVICE_FAMILY = "1,2";
				TEST_TARGET_NAME = MessagingSample;
			};
			name = Debug;
		};
		B9158CD52BF0F51600C2B3D2 /* Release */ = {
			isa = XCBuildConfiguration;
			buildSettings = {
				ALWAYS_EMBED_SWIFT_STANDARD_LIBRARIES = YES;
				CODE_SIGN_STYLE = Automatic;
				CURRENT_PROJECT_VERSION = 1;
				GENERATE_INFOPLIST_FILE = YES;
				MARKETING_VERSION = 1.0;
				PRODUCT_BUNDLE_IDENTIFIER = avaya.MessagingSampleUITests;
				PRODUCT_NAME = "$(TARGET_NAME)";
				SWIFT_EMIT_LOC_STRINGS = NO;
				SWIFT_VERSION = 5.0;
				TARGETED_DEVICE_FAMILY = "1,2";
				TEST_TARGET_NAME = MessagingSample;
			};
			name = Release;
		};
		B91EB69B2C3ECA6A0044EFD4 /* Debug */ = {
			isa = XCBuildConfiguration;
			buildSettings = {
				CODE_SIGN_ENTITLEMENTS = RemoteNotificationService/RemoteNotificationService.entitlements;
				CODE_SIGN_STYLE = Automatic;
				CURRENT_PROJECT_VERSION = 1;
				DEVELOPMENT_TEAM = AYQ98BC3EV;
				GENERATE_INFOPLIST_FILE = YES;
				INFOPLIST_FILE = RemoteNotificationService/Info.plist;
				INFOPLIST_KEY_CFBundleDisplayName = RemoteNotificationService;
				INFOPLIST_KEY_NSHumanReadableCopyright = "";
				IPHONEOS_DEPLOYMENT_TARGET = 17.5;
				LD_RUNPATH_SEARCH_PATHS = (
					"$(inherited)",
					"@executable_path/Frameworks",
					"@executable_path/../../Frameworks",
				);
				MARKETING_VERSION = 1.0;
				PRODUCT_BUNDLE_IDENTIFIER = avaya.MessagingSample.RemoteNotificationService;
				PRODUCT_NAME = "$(TARGET_NAME)";
				SKIP_INSTALL = YES;
				SWIFT_EMIT_LOC_STRINGS = YES;
				SWIFT_VERSION = 5.0;
				TARGETED_DEVICE_FAMILY = "1,2";
			};
			name = Debug;
		};
		B91EB69C2C3ECA6A0044EFD4 /* Release */ = {
			isa = XCBuildConfiguration;
			buildSettings = {
				CODE_SIGN_ENTITLEMENTS = RemoteNotificationService/RemoteNotificationService.entitlements;
				CODE_SIGN_STYLE = Automatic;
				CURRENT_PROJECT_VERSION = 1;
				DEVELOPMENT_TEAM = AYQ98BC3EV;
				GENERATE_INFOPLIST_FILE = YES;
				INFOPLIST_FILE = RemoteNotificationService/Info.plist;
				INFOPLIST_KEY_CFBundleDisplayName = RemoteNotificationService;
				INFOPLIST_KEY_NSHumanReadableCopyright = "";
				IPHONEOS_DEPLOYMENT_TARGET = 17.5;
				LD_RUNPATH_SEARCH_PATHS = (
					"$(inherited)",
					"@executable_path/Frameworks",
					"@executable_path/../../Frameworks",
				);
				MARKETING_VERSION = 1.0;
				PRODUCT_BUNDLE_IDENTIFIER = avaya.MessagingSample.RemoteNotificationService;
				PRODUCT_NAME = "$(TARGET_NAME)";
				SKIP_INSTALL = YES;
				SWIFT_EMIT_LOC_STRINGS = YES;
				SWIFT_VERSION = 5.0;
				TARGETED_DEVICE_FAMILY = "1,2";
			};
			name = Release;
		};
/* End XCBuildConfiguration section */

/* Begin XCConfigurationList section */
		B9158CA42BF0F51300C2B3D2 /* Build configuration list for PBXProject "MessagingSample" */ = {
			isa = XCConfigurationList;
			buildConfigurations = (
				B9158CCB2BF0F51600C2B3D2 /* Debug */,
				B9158CCC2BF0F51600C2B3D2 /* Release */,
			);
			defaultConfigurationIsVisible = 0;
			defaultConfigurationName = Release;
		};
		B9158CCD2BF0F51600C2B3D2 /* Build configuration list for PBXNativeTarget "MessagingSample" */ = {
			isa = XCConfigurationList;
			buildConfigurations = (
				B9158CCE2BF0F51600C2B3D2 /* Debug */,
				B9158CCF2BF0F51600C2B3D2 /* Release */,
			);
			defaultConfigurationIsVisible = 0;
			defaultConfigurationName = Release;
		};
		B9158CD02BF0F51600C2B3D2 /* Build configuration list for PBXNativeTarget "MessagingSampleTests" */ = {
			isa = XCConfigurationList;
			buildConfigurations = (
				B9158CD12BF0F51600C2B3D2 /* Debug */,
				B9158CD22BF0F51600C2B3D2 /* Release */,
			);
			defaultConfigurationIsVisible = 0;
			defaultConfigurationName = Release;
		};
		B9158CD32BF0F51600C2B3D2 /* Build configuration list for PBXNativeTarget "MessagingSampleUITests" */ = {
			isa = XCConfigurationList;
			buildConfigurations = (
				B9158CD42BF0F51600C2B3D2 /* Debug */,
				B9158CD52BF0F51600C2B3D2 /* Release */,
			);
			defaultConfigurationIsVisible = 0;
			defaultConfigurationName = Release;
		};
		B91EB69D2C3ECA6A0044EFD4 /* Build configuration list for PBXNativeTarget "RemoteNotificationService" */ = {
			isa = XCConfigurationList;
			buildConfigurations = (
				B91EB69B2C3ECA6A0044EFD4 /* Debug */,
				B91EB69C2C3ECA6A0044EFD4 /* Release */,
			);
			defaultConfigurationIsVisible = 0;
			defaultConfigurationName = Release;
		};
/* End XCConfigurationList section */

/* Begin XCLocalSwiftPackageReference section */
		B98849DC2C3F869B00AB449B /* XCLocalSwiftPackageReference "../" */ = {
			isa = XCLocalSwiftPackageReference;
			relativePath = ../;
		};
/* End XCLocalSwiftPackageReference section */

/* Begin XCRemoteSwiftPackageReference section */
		B91EB6B02C3ECD9D0044EFD4 /* XCRemoteSwiftPackageReference "firebase-ios-sdk" */ = {
			isa = XCRemoteSwiftPackageReference;
			repositoryURL = "https://github.com/firebase/firebase-ios-sdk";
			requirement = {
				kind = upToNextMajorVersion;
				minimumVersion = 10.29.0;
			};
		};
/* End XCRemoteSwiftPackageReference section */

/* Begin XCSwiftPackageProductDependency section */
		B91EB6B12C3ECD9D0044EFD4 /* FirebaseMessaging */ = {
			isa = XCSwiftPackageProductDependency;
			package = B91EB6B02C3ECD9D0044EFD4 /* XCRemoteSwiftPackageReference "firebase-ios-sdk" */;
			productName = FirebaseMessaging;
		};
		B98849D82C3EE14600AB449B /* AXPMessagingUI */ = {
			isa = XCSwiftPackageProductDependency;
			productName = AXPMessagingUI;
		};
		B98849DD2C3F869B00AB449B /* AXPCore */ = {
			isa = XCSwiftPackageProductDependency;
			productName = AXPCore;
		};
		B98849DF2C3F869B00AB449B /* AXPMessaging */ = {
			isa = XCSwiftPackageProductDependency;
			productName = AXPMessaging;
		};
		B98849E12C3F869B00AB449B /* AXPMessagingUI */ = {
			isa = XCSwiftPackageProductDependency;
			productName = AXPMessagingUI;
		};
		B98849E32C3F86BF00AB449B /* AXPCore */ = {
			isa = XCSwiftPackageProductDependency;
			package = B98849DC2C3F869B00AB449B /* XCLocalSwiftPackageReference "../" */;
			productName = AXPCore;
		};
		B98849E52C3F86BF00AB449B /* AXPMessaging */ = {
			isa = XCSwiftPackageProductDependency;
			package = B98849DC2C3F869B00AB449B /* XCLocalSwiftPackageReference "../" */;
			productName = AXPMessaging;
		};
/* End XCSwiftPackageProductDependency section */
	};
	rootObject = B9158CA12BF0F51300C2B3D2 /* Project object */;
}
